
Microsoft Visual Studio Solution File, Format Version 12.00
# Visual Studio Version 16
VisualStudioVersion = 16.0.30503.244
MinimumVisualStudioVersion = 10.0.40219.1
Project("{FAE04EC0-301F-11D3-BF4B-00C04F79EFBC}") = "AtualisaAniverssario", "AtualisaAniverssario\AtualisaAniverssario.csproj", "{E30552AC-88E7-447B-A22E-32AEEB375B9A}"
EndProject
Global
	GlobalSection(SolutionConfigurationPlatforms) = preSolution
		Debug|Any CPU = Debug|Any CPU
		Release|Any CPU = Release|Any CPU
	EndGlobalSection
	GlobalSection(ProjectConfigurationPlatforms) = postSolution
		{E30552AC-88E7-447B-A22E-32AEEB375B9A}.Debug|Any CPU.ActiveCfg = Debug|Any CPU
		{E30552AC-88E7-447B-A22E-32AEEB375B9A}.Debug|Any CPU.Build.0 = Debug|Any CPU
		{E30552AC-88E7-447B-A22E-32AEEB375B9A}.Release|Any CPU.ActiveCfg = Release|Any CPU
		{E30552AC-88E7-447B-A22E-32AEEB375B9A}.Release|Any CPU.Build.0 = Release|Any CPU
	EndGlobalSection
	GlobalSection(SolutionProperties) = preSolution
		HideSolutionNode = FALSE
	EndGlobalSection
	GlobalSection(ExtensibilityGlobals) = postSolution
		SolutionGuid = {88F2B3A5-87F6-498E-855D-6A0C381F4226}
	EndGlobalSection
EndGlobal
